
Microsoft Visual Studio Solution File, Format Version 10.00
# Visual Studio 2008
Project("{FAE04EC0-301F-11D3-BF4B-00C04F79EFBC}") = "Export", "Export.csproj", "{BE508D63-1239-43FA-9E18-CFCB5E37DC3E}"
EndProject
Project("{FAE04EC0-301F-11D3-BF4B-00C04F79EFBC}") = "ExportTest", "..\ExportTest\ExportTest.csproj", "{B2BBA38D-0F48-4908-9AED-4B40DE0EA2D5}"
EndProject
Global
	GlobalSection(SolutionConfigurationPlatforms) = preSolution
		Debug|Any CPU = Debug|Any CPU
		Release|Any CPU = Release|Any CPU
	EndGlobalSection
	GlobalSection(ProjectConfigurationPlatforms) = postSolution
		{BE508D63-1239-43FA-9E18-CFCB5E37DC3E}.Debug|Any CPU.ActiveCfg = Debug|Any CPU
		{BE508D63-1239-43FA-9E18-CFCB5E37DC3E}.Debug|Any CPU.Build.0 = Debug|Any CPU
		{BE508D63-1239-43FA-9E18-CFCB5E37DC3E}.Release|Any CPU.ActiveCfg = Release|Any CPU
		{BE508D63-1239-43FA-9E18-CFCB5E37DC3E}.Release|Any CPU.Build.0 = Release|Any CPU
		{B2BBA38D-0F48-4908-9AED-4B40DE0EA2D5}.Debug|Any CPU.ActiveCfg = Debug|Any CPU
		{B2BBA38D-0F48-4908-9AED-4B40DE0EA2D5}.Debug|Any CPU.Build.0 = Debug|Any CPU
		{B2BBA38D-0F48-4908-9AED-4B40DE0EA2D5}.Release|Any CPU.ActiveCfg = Release|Any CPU
		{B2BBA38D-0F48-4908-9AED-4B40DE0EA2D5}.Release|Any CPU.Build.0 = Release|Any CPU
	EndGlobalSection
	GlobalSection(SolutionProperties) = preSolution
		HideSolutionNode = FALSE
	EndGlobalSection
EndGlobal
